
Microsoft Visual Studio Solution File, Format Version 12.00
# Visual Studio Version 17
VisualStudioVersion = 17.3.32819.101
MinimumVisualStudioVersion = 10.0.40219.1
Project("{FAE04EC0-301F-11D3-BF4B-00C04F79EFBC}") = "LinkPro_Proyect", "LinkPro_Proyect\LinkPro_Proyect.csproj", "{1C03AF19-191D-41F8-8FD6-6C4741068BAF}"
EndProject
Global
	GlobalSection(SolutionConfigurationPlatforms) = preSolution
		Debug|Any CPU = Debug|Any CPU
		Release|Any CPU = Release|Any CPU
	EndGlobalSection
	GlobalSection(ProjectConfigurationPlatforms) = postSolution
		{1C03AF19-191D-41F8-8FD6-6C4741068BAF}.Debug|Any CPU.ActiveCfg = Debug|Any CPU
		{1C03AF19-191D-41F8-8FD6-6C4741068BAF}.Debug|Any CPU.Build.0 = Debug|Any CPU
		{1C03AF19-191D-41F8-8FD6-6C4741068BAF}.Release|Any CPU.ActiveCfg = Release|Any CPU
		{1C03AF19-191D-41F8-8FD6-6C4741068BAF}.Release|Any CPU.Build.0 = Release|Any CPU
	EndGlobalSection
	GlobalSection(SolutionProperties) = preSolution
		HideSolutionNode = FALSE
	EndGlobalSection
	GlobalSection(ExtensibilityGlobals) = postSolution
		SolutionGuid = {E8E02E79-2E6B-4F4F-BE8A-AFB27200E2FB}
	EndGlobalSection
EndGlobal
